Microsoft Visual Studio Solution File, Format Version 12.00
# Visual Studio Version 17
VisualStudioVersion = 17.5.2.0
MinimumVisualStudioVersion = 10.0.40219.1
Project("{FAE04EC0-301F-11D3-BF4B-00C04F79EFBC}") = "BookRentService.Tests", "BookRentService.Tests.csproj", "{461E135A-8071-1E45-CE1D-55BE1128189E}"
EndProject
Global
	GlobalSection(SolutionConfigurationPlatforms) = preSolution
		Debug|Any CPU = Debug|Any CPU
		Release|Any CPU = Release|Any CPU
	EndGlobalSection
	GlobalSection(ProjectConfigurationPlatforms) = postSolution
		{461E135A-8071-1E45-CE1D-55BE1128189E}.Debug|Any CPU.ActiveCfg = Debug|Any CPU
		{461E135A-8071-1E45-CE1D-55BE1128189E}.Debug|Any CPU.Build.0 = Debug|Any CPU
		{461E135A-8071-1E45-CE1D-55BE1128189E}.Release|Any CPU.ActiveCfg = Release|Any CPU
		{461E135A-8071-1E45-CE1D-55BE1128189E}.Release|Any CPU.Build.0 = Release|Any CPU
	EndGlobalSection
	GlobalSection(SolutionProperties) = preSolution
		HideSolutionNode = FALSE
	EndGlobalSection
	GlobalSection(ExtensibilityGlobals) = postSolution
		SolutionGuid = {FC812CC5-53A0-464B-87F8-583C726E2F89}
	EndGlobalSection
EndGlobal
